
Microsoft Visual Studio Solution File, Format Version 12.00
# Visual Studio Version 17
VisualStudioVersion = 17.8.34316.72
MinimumVisualStudioVersion = 10.0.40219.1
Project("{888888A0-9F3D-457C-B088-3A5042F75D52}") = "HelloWorldWithDocker", "HelloWorldWithDocker\HelloWorldWithDocker.pyproj", "{607D1B3C-27E0-4A90-BCCB-85279D93D54E}"
EndProject
Global
	GlobalSection(SolutionConfigurationPlatforms) = preSolution
		Debug|Any CPU = Debug|Any CPU
		Release|Any CPU = Release|Any CPU
	EndGlobalSection
	GlobalSection(ProjectConfigurationPlatforms) = postSolution
		{607D1B3C-27E0-4A90-BCCB-85279D93D54E}.Debug|Any CPU.ActiveCfg = Debug|Any CPU
		{607D1B3C-27E0-4A90-BCCB-85279D93D54E}.Release|Any CPU.ActiveCfg = Release|Any CPU
	EndGlobalSection
	GlobalSection(SolutionProperties) = preSolution
		HideSolutionNode = FALSE
	EndGlobalSection
	GlobalSection(ExtensibilityGlobals) = postSolution
		SolutionGuid = {9CA24A0C-0AAB-4363-B652-C46092CE9B00}
	EndGlobalSection
EndGlobal
